
Microsoft Visual Studio Solution File, Format Version 12.00
# Visual Studio Version 16
VisualStudioVersion = 25.0.1706.4
MinimumVisualStudioVersion = 10.0.40219.1
Project("{FAE04EC0-301F-11D3-BF4B-00C04F79EFBC}") = "NightProject.Library", "NightProject.Library\NightProject.Library.csproj", "{257A3760-5482-40CF-90FA-A20952FD5425}"
EndProject
Project("{FAE04EC0-301F-11D3-BF4B-00C04F79EFBC}") = "NightProject.Console", "NightProject.Console\NightProject.Console.csproj", "{5EEC8945-72CE-4C3C-B80E-2903AD0788C2}"
EndProject
Global
	GlobalSection(SolutionConfigurationPlatforms) = preSolution
		Debug|Any CPU = Debug|Any CPU
		Release|Any CPU = Release|Any CPU
	EndGlobalSection
	GlobalSection(ProjectConfigurationPlatforms) = postSolution
		{257A3760-5482-40CF-90FA-A20952FD5425}.Debug|Any CPU.ActiveCfg = Debug|Any CPU
		{257A3760-5482-40CF-90FA-A20952FD5425}.Debug|Any CPU.Build.0 = Debug|Any CPU
		{257A3760-5482-40CF-90FA-A20952FD5425}.Release|Any CPU.ActiveCfg = Release|Any CPU
		{257A3760-5482-40CF-90FA-A20952FD5425}.Release|Any CPU.Build.0 = Release|Any CPU
		{5EEC8945-72CE-4C3C-B80E-2903AD0788C2}.Debug|Any CPU.ActiveCfg = Debug|Any CPU
		{5EEC8945-72CE-4C3C-B80E-2903AD0788C2}.Debug|Any CPU.Build.0 = Debug|Any CPU
		{5EEC8945-72CE-4C3C-B80E-2903AD0788C2}.Release|Any CPU.ActiveCfg = Release|Any CPU
		{5EEC8945-72CE-4C3C-B80E-2903AD0788C2}.Release|Any CPU.Build.0 = Release|Any CPU
	EndGlobalSection
	GlobalSection(SolutionProperties) = preSolution
		HideSolutionNode = FALSE
	EndGlobalSection
	GlobalSection(ExtensibilityGlobals) = postSolution
		SolutionGuid = {03E16866-656B-4242-8349-DC34D098DA8E}
	EndGlobalSection
EndGlobal
